<Solution>
  <Folder Name="/src/">
    <Project Path="src/PpLint.Cli/PpLint.Cli.csproj" />
    <Project Path="src/PpLint.Core/PpLint.Core.csproj" />
  </Folder>
  <Folder Name="/tests/">
    <Project Path="tests/PpLint.Cli.Tests/PpLint.Cli.Tests.csproj" />
    <Project Path="tests/PpLint.Core.Tests/PpLint.Core.Tests.csproj" />
  </Folder>
</Solution>
